
Microsoft Visual Studio Solution File, Format Version 12.00
# Visual Studio 14
VisualStudioVersion = 14.0.25420.1
MinimumVisualStudioVersion = 10.0.40219.1
Project("{FAE04EC0-301F-11D3-BF4B-00C04F79EFBC}") = "Laureat.Domain", "Laureat.Domain\Laureat.Domain.csproj", "{FEBDC504-A47D-46A0-B16B-C7C0904B658E}"
EndProject
Project("{FAE04EC0-301F-11D3-BF4B-00C04F79EFBC}") = "Laureat.WEBUI", "Laureat.WEBUI\Laureat.WEBUI.csproj", "{2D4A838F-61AA-4691-9E75-3BFE49C27CE5}"
EndProject
Global
	GlobalSection(SolutionConfigurationPlatforms) = preSolution
		Debug|Any CPU = Debug|Any CPU
		Release|Any CPU = Release|Any CPU
	EndGlobalSection
	GlobalSection(ProjectConfigurationPlatforms) = postSolution
		{FEBDC504-A47D-46A0-B16B-C7C0904B658E}.Debug|Any CPU.ActiveCfg = Debug|Any CPU
		{FEBDC504-A47D-46A0-B16B-C7C0904B658E}.Debug|Any CPU.Build.0 = Debug|Any CPU
		{FEBDC504-A47D-46A0-B16B-C7C0904B658E}.Release|Any CPU.ActiveCfg = Release|Any CPU
		{FEBDC504-A47D-46A0-B16B-C7C0904B658E}.Release|Any CPU.Build.0 = Release|Any CPU
		{2D4A838F-61AA-4691-9E75-3BFE49C27CE5}.Debug|Any CPU.ActiveCfg = Debug|Any CPU
		{2D4A838F-61AA-4691-9E75-3BFE49C27CE5}.Debug|Any CPU.Build.0 = Debug|Any CPU
		{2D4A838F-61AA-4691-9E75-3BFE49C27CE5}.Release|Any CPU.ActiveCfg = Release|Any CPU
		{2D4A838F-61AA-4691-9E75-3BFE49C27CE5}.Release|Any CPU.Build.0 = Release|Any CPU
	EndGlobalSection
	GlobalSection(SolutionProperties) = preSolution
		HideSolutionNode = FALSE
	EndGlobalSection
EndGlobal
